
Microsoft Visual Studio Solution File, Format Version 12.00
# Visual Studio Version 17
VisualStudioVersion = 17.10.35004.147
MinimumVisualStudioVersion = 10.0.40219.1
Project("{9A19103F-16F7-4668-BE54-9A1E7A4F7556}") = "Net 8 Sample code", "Net 8 Sample code\Net 8 Sample code.csproj", "{FFF3ECF6-A3D6-411F-A9FC-96FF9FE8C9B5}"
EndProject
Global
	GlobalSection(SolutionConfigurationPlatforms) = preSolution
		Debug|Any CPU = Debug|Any CPU
		Release|Any CPU = Release|Any CPU
	EndGlobalSection
	GlobalSection(ProjectConfigurationPlatforms) = postSolution
		{FFF3ECF6-A3D6-411F-A9FC-96FF9FE8C9B5}.Debug|Any CPU.ActiveCfg = Debug|Any CPU
		{FFF3ECF6-A3D6-411F-A9FC-96FF9FE8C9B5}.Debug|Any CPU.Build.0 = Debug|Any CPU
		{FFF3ECF6-A3D6-411F-A9FC-96FF9FE8C9B5}.Release|Any CPU.ActiveCfg = Release|Any CPU
		{FFF3ECF6-A3D6-411F-A9FC-96FF9FE8C9B5}.Release|Any CPU.Build.0 = Release|Any CPU
	EndGlobalSection
	GlobalSection(SolutionProperties) = preSolution
		HideSolutionNode = FALSE
	EndGlobalSection
	GlobalSection(ExtensibilityGlobals) = postSolution
		SolutionGuid = {DDA2FA85-AF6D-4569-94D3-87A089FE1CD2}
	EndGlobalSection
	GlobalSection(TeamFoundationVersionControl) = preSolution
		SccNumberOfProjects = 2
		SccEnterpriseProvider = {4CA58AB2-18FA-4F8D-95D4-32DDF27D184C}
		SccTeamFoundationServer = https://dev.azure.com/accurateappend
		SccLocalPath0 = .
		SccProjectUniqueName1 = Net\u00208\u0020Sample\u0020code\\Net\u00208\u0020Sample\u0020code.csproj
		SccProjectName1 = Net\u00208\u0020Sample\u0020code
		SccLocalPath1 = Net\u00208\u0020Sample\u0020code
	EndGlobalSection
EndGlobal
